
Microsoft Visual Studio Solution File, Format Version 12.00
# Visual Studio Version 16
VisualStudioVersion = 16.0.30114.105
MinimumVisualStudioVersion = 10.0.40219.1
Project("{FAE04EC0-301F-11D3-BF4B-00C04F79EFBC}") = "ProEventos.Application", "ProEventos.Application\ProEventos.Application.csproj", "{6B1962FE-E3B9-4FB1-8EB7-DA767591914B}"
EndProject
Project("{FAE04EC0-301F-11D3-BF4B-00C04F79EFBC}") = "ProEventos.Domain", "ProEventos.Domain\ProEventos.Domain.csproj", "{BAB39C13-69BF-423E-BA1B-32E80FBF15D8}"
EndProject
Project("{FAE04EC0-301F-11D3-BF4B-00C04F79EFBC}") = "ProEventos.API", "ProEventos.API\ProEventos.API.csproj", "{439CE2DF-04FB-4445-9EC9-63AC8556F103}"
EndProject
Project("{FAE04EC0-301F-11D3-BF4B-00C04F79EFBC}") = "ProEventos.Persistance", "ProEventos.Persistance\ProEventos.Persistance.csproj", "{162B1BA5-F74A-42BA-BF17-8D79DCD7FCA5}"
EndProject
Global
	GlobalSection(SolutionConfigurationPlatforms) = preSolution
		Debug|Any CPU = Debug|Any CPU
		Debug|x64 = Debug|x64
		Debug|x86 = Debug|x86
		Release|Any CPU = Release|Any CPU
		Release|x64 = Release|x64
		Release|x86 = Release|x86
	EndGlobalSection
	GlobalSection(SolutionProperties) = preSolution
		HideSolutionNode = FALSE
	EndGlobalSection
	GlobalSection(ProjectConfigurationPlatforms) = postSolution
		{6B1962FE-E3B9-4FB1-8EB7-DA767591914B}.Debug|Any CPU.ActiveCfg = Debug|Any CPU
		{6B1962FE-E3B9-4FB1-8EB7-DA767591914B}.Debug|Any CPU.Build.0 = Debug|Any CPU
		{6B1962FE-E3B9-4FB1-8EB7-DA767591914B}.Debug|x64.ActiveCfg = Debug|Any CPU
		{6B1962FE-E3B9-4FB1-8EB7-DA767591914B}.Debug|x64.Build.0 = Debug|Any CPU
		{6B1962FE-E3B9-4FB1-8EB7-DA767591914B}.Debug|x86.ActiveCfg = Debug|Any CPU
		{6B1962FE-E3B9-4FB1-8EB7-DA767591914B}.Debug|x86.Build.0 = Debug|Any CPU
		{6B1962FE-E3B9-4FB1-8EB7-DA767591914B}.Release|Any CPU.ActiveCfg = Release|Any CPU
		{6B1962FE-E3B9-4FB1-8EB7-DA767591914B}.Release|Any CPU.Build.0 = Release|Any CPU
		{6B1962FE-E3B9-4FB1-8EB7-DA767591914B}.Release|x64.ActiveCfg = Release|Any CPU
		{6B1962FE-E3B9-4FB1-8EB7-DA767591914B}.Release|x64.Build.0 = Release|Any CPU
		{6B1962FE-E3B9-4FB1-8EB7-DA767591914B}.Release|x86.ActiveCfg = Release|Any CPU
		{6B1962FE-E3B9-4FB1-8EB7-DA767591914B}.Release|x86.Build.0 = Release|Any CPU
		{BAB39C13-69BF-423E-BA1B-32E80FBF15D8}.Debug|Any CPU.ActiveCfg = Debug|Any CPU
		{BAB39C13-69BF-423E-BA1B-32E80FBF15D8}.Debug|Any CPU.Build.0 = Debug|Any CPU
		{BAB39C13-69BF-423E-BA1B-32E80FBF15D8}.Debug|x64.ActiveCfg = Debug|Any CPU
		{BAB39C13-69BF-423E-BA1B-32E80FBF15D8}.Debug|x64.Build.0 = Debug|Any CPU
		{BAB39C13-69BF-423E-BA1B-32E80FBF15D8}.Debug|x86.ActiveCfg = Debug|Any CPU
		{BAB39C13-69BF-423E-BA1B-32E80FBF15D8}.Debug|x86.Build.0 = Debug|Any CPU
		{BAB39C13-69BF-423E-BA1B-32E80FBF15D8}.Release|Any CPU.ActiveCfg = Release|Any CPU
		{BAB39C13-69BF-423E-BA1B-32E80FBF15D8}.Release|Any CPU.Build.0 = Release|Any CPU
		{BAB39C13-69BF-423E-BA1B-32E80FBF15D8}.Release|x64.ActiveCfg = Release|Any CPU
		{BAB39C13-69BF-423E-BA1B-32E80FBF15D8}.Release|x64.Build.0 = Release|Any CPU
		{BAB39C13-69BF-423E-BA1B-32E80FBF15D8}.Release|x86.ActiveCfg = Release|Any CPU
		{BAB39C13-69BF-423E-BA1B-32E80FBF15D8}.Release|x86.Build.0 = Release|Any CPU
		{439CE2DF-04FB-4445-9EC9-63AC8556F103}.Debug|Any CPU.ActiveCfg = Debug|Any CPU
		{439CE2DF-04FB-4445-9EC9-63AC8556F103}.Debug|Any CPU.Build.0 = Debug|Any CPU
		{439CE2DF-04FB-4445-9EC9-63AC8556F103}.Debug|x64.ActiveCfg = Debug|Any CPU
		{439CE2DF-04FB-4445-9EC9-63AC8556F103}.Debug|x64.Build.0 = Debug|Any CPU
		{439CE2DF-04FB-4445-9EC9-63AC8556F103}.Debug|x86.ActiveCfg = Debug|Any CPU
		{439CE2DF-04FB-4445-9EC9-63AC8556F103}.Debug|x86.Build.0 = Debug|Any CPU
		{439CE2DF-04FB-4445-9EC9-63AC8556F103}.Release|Any CPU.ActiveCfg = Release|Any CPU
		{439CE2DF-04FB-4445-9EC9-63AC8556F103}.Release|Any CPU.Build.0 = Release|Any CPU
		{439CE2DF-04FB-4445-9EC9-63AC8556F103}.Release|x64.ActiveCfg = Release|Any CPU
		{439CE2DF-04FB-4445-9EC9-63AC8556F103}.Release|x64.Build.0 = Release|Any CPU
		{439CE2DF-04FB-4445-9EC9-63AC8556F103}.Release|x86.ActiveCfg = Release|Any CPU
		{439CE2DF-04FB-4445-9EC9-63AC8556F103}.Release|x86.Build.0 = Release|Any CPU
		{162B1BA5-F74A-42BA-BF17-8D79DCD7FCA5}.Debug|Any CPU.ActiveCfg = Debug|Any CPU
		{162B1BA5-F74A-42BA-BF17-8D79DCD7FCA5}.Debug|Any CPU.Build.0 = Debug|Any CPU
		{162B1BA5-F74A-42BA-BF17-8D79DCD7FCA5}.Debug|x64.ActiveCfg = Debug|Any CPU
		{162B1BA5-F74A-42BA-BF17-8D79DCD7FCA5}.Debug|x64.Build.0 = Debug|Any CPU
		{162B1BA5-F74A-42BA-BF17-8D79DCD7FCA5}.Debug|x86.ActiveCfg = Debug|Any CPU
		{162B1BA5-F74A-42BA-BF17-8D79DCD7FCA5}.Debug|x86.Build.0 = Debug|Any CPU
		{162B1BA5-F74A-42BA-BF17-8D79DCD7FCA5}.Release|Any CPU.ActiveCfg = Release|Any CPU
		{162B1BA5-F74A-42BA-BF17-8D79DCD7FCA5}.Release|Any CPU.Build.0 = Release|Any CPU
		{162B1BA5-F74A-42BA-BF17-8D79DCD7FCA5}.Release|x64.ActiveCfg = Release|Any CPU
		{162B1BA5-F74A-42BA-BF17-8D79DCD7FCA5}.Release|x64.Build.0 = Release|Any CPU
		{162B1BA5-F74A-42BA-BF17-8D79DCD7FCA5}.Release|x86.ActiveCfg = Release|Any CPU
		{162B1BA5-F74A-42BA-BF17-8D79DCD7FCA5}.Release|x86.Build.0 = Release|Any CPU
	EndGlobalSection
EndGlobal
